
Microsoft Visual Studio Solution File, Format Version 12.00
# Visual Studio 15
VisualStudioVersion = 15.0.28307.1433
MinimumVisualStudioVersion = 10.0.40219.1
Project("{FAE04EC0-301F-11D3-BF4B-00C04F79EFBC}") = "EAXamarinApp.Android", "EAXamarinApp\EAXamarinApp.Android\EAXamarinApp.Android.csproj", "{24CE3C36-16B9-426D-AA0C-5961ECF8D88C}"
EndProject
Project("{FAE04EC0-301F-11D3-BF4B-00C04F79EFBC}") = "EAXamarinApp.iOS", "EAXamarinApp\EAXamarinApp.iOS\EAXamarinApp.iOS.csproj", "{19E73333-57FB-466C-8A54-D5A0F394888D}"
EndProject
Project("{9A19103F-16F7-4668-BE54-9A1E7A4F7556}") = "EAXamarinApp.MobileAppService", "EAXamarinApp\EAXamarinApp.MobileAppService\EAXamarinApp.MobileAppService.csproj", "{4BA453B8-F917-4CC0-BA9F-686F1E0D4BA6}"
EndProject
Project("{9A19103F-16F7-4668-BE54-9A1E7A4F7556}") = "EAXamarinApp", "EAXamarinApp\EAXamarinApp\EAXamarinApp.csproj", "{A2F9E8D1-41D6-487E-8C89-98CD3C14CA35}"
EndProject
Project("{FAE04EC0-301F-11D3-BF4B-00C04F79EFBC}") = "CrossPlatformTest", "CrossPlatformTest\CrossPlatformTest.csproj", "{B19C892E-2628-4CA7-AD27-08D406A3B14B}"
EndProject
Global
	GlobalSection(SolutionConfigurationPlatforms) = preSolution
		Debug|Any CPU = Debug|Any CPU
		Debug|iPhone = Debug|iPhone
		Debug|iPhoneSimulator = Debug|iPhoneSimulator
		Release|Any CPU = Release|Any CPU
		Release|iPhone = Release|iPhone
		Release|iPhoneSimulator = Release|iPhoneSimulator
	EndGlobalSection
	GlobalSection(ProjectConfigurationPlatforms) = postSolution
		{24CE3C36-16B9-426D-AA0C-5961ECF8D88C}.Debug|Any CPU.ActiveCfg = Debug|Any CPU
		{24CE3C36-16B9-426D-AA0C-5961ECF8D88C}.Debug|Any CPU.Build.0 = Debug|Any CPU
		{24CE3C36-16B9-426D-AA0C-5961ECF8D88C}.Debug|Any CPU.Deploy.0 = Debug|Any CPU
		{24CE3C36-16B9-426D-AA0C-5961ECF8D88C}.Debug|iPhone.ActiveCfg = Debug|Any CPU
		{24CE3C36-16B9-426D-AA0C-5961ECF8D88C}.Debug|iPhone.Build.0 = Debug|Any CPU
		{24CE3C36-16B9-426D-AA0C-5961ECF8D88C}.Debug|iPhone.Deploy.0 = Debug|Any CPU
		{24CE3C36-16B9-426D-AA0C-5961ECF8D88C}.Debug|iPhoneSimulator.ActiveCfg = Debug|Any CPU
		{24CE3C36-16B9-426D-AA0C-5961ECF8D88C}.Debug|iPhoneSimulator.Build.0 = Debug|Any CPU
		{24CE3C36-16B9-426D-AA0C-5961ECF8D88C}.Debug|iPhoneSimulator.Deploy.0 = Debug|Any CPU
		{24CE3C36-16B9-426D-AA0C-5961ECF8D88C}.Release|Any CPU.ActiveCfg = Release|Any CPU
		{24CE3C36-16B9-426D-AA0C-5961ECF8D88C}.Release|Any CPU.Build.0 = Release|Any CPU
		{24CE3C36-16B9-426D-AA0C-5961ECF8D88C}.Release|Any CPU.Deploy.0 = Release|Any CPU
		{24CE3C36-16B9-426D-AA0C-5961ECF8D88C}.Release|iPhone.ActiveCfg = Release|Any CPU
		{24CE3C36-16B9-426D-AA0C-5961ECF8D88C}.Release|iPhone.Build.0 = Release|Any CPU
		{24CE3C36-16B9-426D-AA0C-5961ECF8D88C}.Release|iPhone.Deploy.0 = Release|Any CPU
		{24CE3C36-16B9-426D-AA0C-5961ECF8D88C}.Release|iPhoneSimulator.ActiveCfg = Release|Any CPU
		{24CE3C36-16B9-426D-AA0C-5961ECF8D88C}.Release|iPhoneSimulator.Build.0 = Release|Any CPU
		{24CE3C36-16B9-426D-AA0C-5961ECF8D88C}.Release|iPhoneSimulator.Deploy.0 = Release|Any CPU
		{19E73333-57FB-466C-8A54-D5A0F394888D}.Debug|Any CPU.ActiveCfg = Debug|iPhoneSimulator
		{19E73333-57FB-466C-8A54-D5A0F394888D}.Debug|Any CPU.Build.0 = Debug|iPhoneSimulator
		{19E73333-57FB-466C-8A54-D5A0F394888D}.Debug|Any CPU.Deploy.0 = Debug|iPhoneSimulator
		{19E73333-57FB-466C-8A54-D5A0F394888D}.Debug|iPhone.ActiveCfg = Debug|iPhone
		{19E73333-57FB-466C-8A54-D5A0F394888D}.Debug|iPhone.Build.0 = Debug|iPhone
		{19E73333-57FB-466C-8A54-D5A0F394888D}.Debug|iPhone.Deploy.0 = Debug|iPhone
		{19E73333-57FB-466C-8A54-D5A0F394888D}.Debug|iPhoneSimulator.ActiveCfg = Debug|iPhoneSimulator
		{19E73333-57FB-466C-8A54-D5A0F394888D}.Debug|iPhoneSimulator.Build.0 = Debug|iPhoneSimulator
		{19E73333-57FB-466C-8A54-D5A0F394888D}.Debug|iPhoneSimulator.Deploy.0 = Debug|iPhoneSimulator
		{19E73333-57FB-466C-8A54-D5A0F394888D}.Release|Any CPU.ActiveCfg = Release|iPhone
		{19E73333-57FB-466C-8A54-D5A0F394888D}.Release|Any CPU.Build.0 = Release|iPhone
		{19E73333-57FB-466C-8A54-D5A0F394888D}.Release|Any CPU.Deploy.0 = Release|iPhone
		{19E73333-57FB-466C-8A54-D5A0F394888D}.Release|iPhone.ActiveCfg = Release|iPhone
		{19E73333-57FB-466C-8A54-D5A0F394888D}.Release|iPhone.Build.0 = Release|iPhone
		{19E73333-57FB-466C-8A54-D5A0F394888D}.Release|iPhone.Deploy.0 = Release|iPhone
		{19E73333-57FB-466C-8A54-D5A0F394888D}.Release|iPhoneSimulator.ActiveCfg = Release|iPhoneSimulator
		{19E73333-57FB-466C-8A54-D5A0F394888D}.Release|iPhoneSimulator.Build.0 = Release|iPhoneSimulator
		{19E73333-57FB-466C-8A54-D5A0F394888D}.Release|iPhoneSimulator.Deploy.0 = Release|iPhoneSimulator
		{4BA453B8-F917-4CC0-BA9F-686F1E0D4BA6}.Debug|Any CPU.ActiveCfg = Debug|Any CPU
		{4BA453B8-F917-4CC0-BA9F-686F1E0D4BA6}.Debug|Any CPU.Build.0 = Debug|Any CPU
		{4BA453B8-F917-4CC0-BA9F-686F1E0D4BA6}.Debug|Any CPU.Deploy.0 = Debug|Any CPU
		{4BA453B8-F917-4CC0-BA9F-686F1E0D4BA6}.Debug|iPhone.ActiveCfg = Debug|Any CPU
		{4BA453B8-F917-4CC0-BA9F-686F1E0D4BA6}.Debug|iPhone.Build.0 = Debug|Any CPU
		{4BA453B8-F917-4CC0-BA9F-686F1E0D4BA6}.Debug|iPhone.Deploy.0 = Debug|Any CPU
		{4BA453B8-F917-4CC0-BA9F-686F1E0D4BA6}.Debug|iPhoneSimulator.ActiveCfg = Debug|Any CPU
		{4BA453B8-F917-4CC0-BA9F-686F1E0D4BA6}.Debug|iPhoneSimulator.Build.0 = Debug|Any CPU
		{4BA453B8-F917-4CC0-BA9F-686F1E0D4BA6}.Debug|iPhoneSimulator.Deploy.0 = Debug|Any CPU
		{4BA453B8-F917-4CC0-BA9F-686F1E0D4BA6}.Release|Any CPU.ActiveCfg = Release|Any CPU
		{4BA453B8-F917-4CC0-BA9F-686F1E0D4BA6}.Release|Any CPU.Build.0 = Release|Any CPU
		{4BA453B8-F917-4CC0-BA9F-686F1E0D4BA6}.Release|Any CPU.Deploy.0 = Release|Any CPU
		{4BA453B8-F917-4CC0-BA9F-686F1E0D4BA6}.Release|iPhone.ActiveCfg = Release|Any CPU
		{4BA453B8-F917-4CC0-BA9F-686F1E0D4BA6}.Release|iPhone.Build.0 = Release|Any CPU
		{4BA453B8-F917-4CC0-BA9F-686F1E0D4BA6}.Release|iPhone.Deploy.0 = Release|Any CPU
		{4BA453B8-F917-4CC0-BA9F-686F1E0D4BA6}.Release|iPhoneSimulator.ActiveCfg = Release|Any CPU
		{4BA453B8-F917-4CC0-BA9F-686F1E0D4BA6}.Release|iPhoneSimulator.Build.0 = Release|Any CPU
		{4BA453B8-F917-4CC0-BA9F-686F1E0D4BA6}.Release|iPhoneSimulator.Deploy.0 = Release|Any CPU
		{A2F9E8D1-41D6-487E-8C89-98CD3C14CA35}.Debug|Any CPU.ActiveCfg = Debug|Any CPU
		{A2F9E8D1-41D6-487E-8C89-98CD3C14CA35}.Debug|Any CPU.Build.0 = Debug|Any CPU
		{A2F9E8D1-41D6-487E-8C89-98CD3C14CA35}.Debug|Any CPU.Deploy.0 = Debug|Any CPU
		{A2F9E8D1-41D6-487E-8C89-98CD3C14CA35}.Debug|iPhone.ActiveCfg = Debug|Any CPU
		{A2F9E8D1-41D6-487E-8C89-98CD3C14CA35}.Debug|iPhone.Build.0 = Debug|Any CPU
		{A2F9E8D1-41D6-487E-8C89-98CD3C14CA35}.Debug|iPhone.Deploy.0 = Debug|Any CPU
		{A2F9E8D1-41D6-487E-8C89-98CD3C14CA35}.Debug|iPhoneSimulator.ActiveCfg = Debug|Any CPU
		{A2F9E8D1-41D6-487E-8C89-98CD3C14CA35}.Debug|iPhoneSimulator.Build.0 = Debug|Any CPU
		{A2F9E8D1-41D6-487E-8C89-98CD3C14CA35}.Debug|iPhoneSimulator.Deploy.0 = Debug|Any CPU
		{A2F9E8D1-41D6-487E-8C89-98CD3C14CA35}.Release|Any CPU.ActiveCfg = Release|Any CPU
		{A2F9E8D1-41D6-487E-8C89-98CD3C14CA35}.Release|Any CPU.Build.0 = Release|Any CPU
		{A2F9E8D1-41D6-487E-8C89-98CD3C14CA35}.Release|Any CPU.Deploy.0 = Release|Any CPU
		{A2F9E8D1-41D6-487E-8C89-98CD3C14CA35}.Release|iPhone.ActiveCfg = Release|Any CPU
		{A2F9E8D1-41D6-487E-8C89-98CD3C14CA35}.Release|iPhone.Build.0 = Release|Any CPU
		{A2F9E8D1-41D6-487E-8C89-98CD3C14CA35}.Release|iPhone.Deploy.0 = Release|Any CPU
		{A2F9E8D1-41D6-487E-8C89-98CD3C14CA35}.Release|iPhoneSimulator.ActiveCfg = Release|Any CPU
		{A2F9E8D1-41D6-487E-8C89-98CD3C14CA35}.Release|iPhoneSimulator.Build.0 = Release|Any CPU
		{A2F9E8D1-41D6-487E-8C89-98CD3C14CA35}.Release|iPhoneSimulator.Deploy.0 = Release|Any CPU
		{B19C892E-2628-4CA7-AD27-08D406A3B14B}.Debug|Any CPU.ActiveCfg = Debug|Any CPU
		{B19C892E-2628-4CA7-AD27-08D406A3B14B}.Debug|Any CPU.Build.0 = Debug|Any CPU
		{B19C892E-2628-4CA7-AD27-08D406A3B14B}.Debug|iPhone.ActiveCfg = Debug|Any CPU
		{B19C892E-2628-4CA7-AD27-08D406A3B14B}.Debug|iPhone.Build.0 = Debug|Any CPU
		{B19C892E-2628-4CA7-AD27-08D406A3B14B}.Debug|iPhoneSimulator.ActiveCfg = Debug|Any CPU
		{B19C892E-2628-4CA7-AD27-08D406A3B14B}.Debug|iPhoneSimulator.Build.0 = Debug|Any CPU
		{B19C892E-2628-4CA7-AD27-08D406A3B14B}.Release|Any CPU.ActiveCfg = Release|Any CPU
		{B19C892E-2628-4CA7-AD27-08D406A3B14B}.Release|Any CPU.Build.0 = Release|Any CPU
		{B19C892E-2628-4CA7-AD27-08D406A3B14B}.Release|iPhone.ActiveCfg = Release|Any CPU
		{B19C892E-2628-4CA7-AD27-08D406A3B14B}.Release|iPhone.Build.0 = Release|Any CPU
		{B19C892E-2628-4CA7-AD27-08D406A3B14B}.Release|iPhoneSimulator.ActiveCfg = Release|Any CPU
		{B19C892E-2628-4CA7-AD27-08D406A3B14B}.Release|iPhoneSimulator.Build.0 = Release|Any CPU
	EndGlobalSection
	GlobalSection(SolutionProperties) = preSolution
		HideSolutionNode = FALSE
	EndGlobalSection
	GlobalSection(ExtensibilityGlobals) = postSolution
		SolutionGuid = {438F431F-2264-4375-8D5C-ACC0CC846527}
	EndGlobalSection
EndGlobal
